// !$*UTF8*$!
{
	archiveVersion = 1;
	classes = {
	};
	objectVersion = 51;
	objects = {

/* Begin PBXBuildFile section */
		3A0E2C9925589C190021F86E /* CustomerSelectorTableViewController.swift in Sources */ = {isa = PBXBuildFile; fileRef = 3A0E2C9825589C190021F86E /* CustomerSelectorTableViewController.swift */; };
		3A0E2C9C255B4D770021F86E /* MultipleEditCheckTableViewController.swift in Sources */ = {isa = PBXBuildFile; fileRef = 3A0E2C9B255B4D770021F86E /* MultipleEditCheckTableViewController.swift */; };
		3A0E2C9F255B55B90021F86E /* ProductSelectorTableViewController.swift in Sources */ = {isa = PBXBuildFile; fileRef = 3A0E2C9E255B55B90021F86E /* ProductSelectorTableViewController.swift */; };
		3A28D20B256EA520000384E3 /* WorksheetCell.xib in Resources */ = {isa = PBXBuildFile; fileRef = 3A28D20A256EA520000384E3 /* WorksheetCell.xib */; };
		3A28D222256EC5FD000384E3 /* WorksheetTableViewCell.swift in Sources */ = {isa = PBXBuildFile; fileRef = 3A28D221256EC5FD000384E3 /* WorksheetTableViewCell.swift */; };
		3A370FFE254215C9003BD01E /* AppDelegate.swift in Sources */ = {isa = PBXBuildFile; fileRef = 3A370FFD254215C9003BD01E /* AppDelegate.swift */; };
		3A371000254215C9003BD01E /* SceneDelegate.swift in Sources */ = {isa = PBXBuildFile; fileRef = 3A370FFF254215C9003BD01E /* SceneDelegate.swift */; };
		3A371002254215C9003BD01E /* CustomersViewController.swift in Sources */ = {isa = PBXBuildFile; fileRef = 3A371001254215C9003BD01E /* CustomersViewController.swift */; };
		3A371005254215C9003BD01E /* Main.storyboard in Resources */ = {isa = PBXBuildFile; fileRef = 3A371003254215C9003BD01E /* Main.storyboard */; };
		3A371007254215CA003BD01E /* Assets.xcassets in Resources */ = {isa = PBXBuildFile; fileRef = 3A371006254215CA003BD01E /* Assets.xcassets */; };
		3A37100A254215CA003BD01E /* LaunchScreen.storyboard in Resources */ = {isa = PBXBuildFile; fileRef = 3A371008254215CA003BD01E /* LaunchScreen.storyboard */; };
		3A37101225421613003BD01E /* GoogleService-Info.plist in Resources */ = {isa = PBXBuildFile; fileRef = 3A37101125421613003BD01E /* GoogleService-Info.plist */; };
		3A3710602542EE60003BD01E /* CustomerTmp.swift in Sources */ = {isa = PBXBuildFile; fileRef = 3A37105F2542EE60003BD01E /* CustomerTmp.swift */; };
		3A371077254310FB003BD01E /* CustomerTableViewCell.swift in Sources */ = {isa = PBXBuildFile; fileRef = 3A371076254310FB003BD01E /* CustomerTableViewCell.swift */; };
		3A37107A254311D3003BD01E /* CustomerCell.xib in Resources */ = {isa = PBXBuildFile; fileRef = 3A371079254311D3003BD01E /* CustomerCell.xib */; };
		3A37107D254355E1003BD01E /* CustomerViewController.swift in Sources */ = {isa = PBXBuildFile; fileRef = 3A37107C254355E1003BD01E /* CustomerViewController.swift */; };
		3A7A2C2025A662DA0049AE36 /* WorksheetManager.swift in Sources */ = {isa = PBXBuildFile; fileRef = 3A7A2C1F25A662DA0049AE36 /* WorksheetManager.swift */; };
		3A7A2C2725A765960049AE36 /* ProductManager.swift in Sources */ = {isa = PBXBuildFile; fileRef = 3A7A2C2625A765960049AE36 /* ProductManager.swift */; };
		3A83D98B2571A13200F51F8A /* DocumentScanningViewController.swift in Sources */ = {isa = PBXBuildFile; fileRef = 3A83D9882571A13100F51F8A /* DocumentScanningViewController.swift */; };
		3A83D98C2571A13200F51F8A /* RecognizedTextDataSource.swift in Sources */ = {isa = PBXBuildFile; fileRef = 3A83D9892571A13200F51F8A /* RecognizedTextDataSource.swift */; };
		3A83D98D2571A13200F51F8A /* BusinessCardContentsViewController.swift in Sources */ = {isa = PBXBuildFile; fileRef = 3A83D98A2571A13200F51F8A /* BusinessCardContentsViewController.swift */; };
		3AA3EA3F25A0998300128371 /* CustomerManager.swift in Sources */ = {isa = PBXBuildFile; fileRef = 3AA3EA3E25A0998300128371 /* CustomerManager.swift */; };
		3AA8E3C325509704001B3886 /* EditCheckTableViewController.swift in Sources */ = {isa = PBXBuildFile; fileRef = 3AA8E3C225509704001B3886 /* EditCheckTableViewController.swift */; };
		3AA8E3D62551C2E8001B3886 /* CheckRow.swift in Sources */ = {isa = PBXBuildFile; fileRef = 3AA8E3D52551C2E8001B3886 /* CheckRow.swift */; };
		3AE366912544B32100D1C218 /* ProductCollectionViewCell.swift in Sources */ = {isa = PBXBuildFile; fileRef = 3AE3668F2544B32100D1C218 /* ProductCollectionViewCell.swift */; };
		3AE366B725461AE400D1C218 /* ProductTmp.swift in Sources */ = {isa = PBXBuildFile; fileRef = 3AE366B625461AE300D1C218 /* ProductTmp.swift */; };
		3AE366C925470FD300D1C218 /* NewCustomerTableViewController.swift in Sources */ = {isa = PBXBuildFile; fileRef = 3AE366C825470FD300D1C218 /* NewCustomerTableViewController.swift */; };
		3AE366CE2548361500D1C218 /* Worksheet.swift in Sources */ = {isa = PBXBuildFile; fileRef = 3AE366CD2548361500D1C218 /* Worksheet.swift */; };
		3AE366D12548611500D1C218 /* NewProductTableViewController.swift in Sources */ = {isa = PBXBuildFile; fileRef = 3AE366D02548611500D1C218 /* NewProductTableViewController.swift */; };
		3AE366DB254B675300D1C218 /* ModifyProductTableViewController.swift in Sources */ = {isa = PBXBuildFile; fileRef = 3AE366DA254B675200D1C218 /* ModifyProductTableViewController.swift */; };
		3AE36707254ED24D00D1C218 /* WorksheetsViewController.swift in Sources */ = {isa = PBXBuildFile; fileRef = 3AE36706254ED24B00D1C218 /* WorksheetsViewController.swift */; };
		3AE3670A254F166E00D1C218 /* EditLongTextTableViewController.swift in Sources */ = {isa = PBXBuildFile; fileRef = 3AE36709254F166D00D1C218 /* EditLongTextTableViewController.swift */; };
		3AE3670D254F1B0B00D1C218 /* NewWorksheetTableViewController.swift in Sources */ = {isa = PBXBuildFile; fileRef = 3AE3670C254F1B0B00D1C218 /* NewWorksheetTableViewController.swift */; };
		78EC54A45B06E3700FF046E9 /* Pods_ServiceApp.framework in Frameworks */ = {isa = PBXBuildFile; fileRef = 67823097FBC857508A1537DA /* Pods_ServiceApp.framework */; };
		8E348DE62637671300C083EE /* LoginViewController.swift in Sources */ = {isa = PBXBuildFile; fileRef = 8E348DE52637671300C083EE /* LoginViewController.swift */; };
		8E787C812623B63A007E8158 /* WorksheetCollectionViewCell.swift in Sources */ = {isa = PBXBuildFile; fileRef = 8E787C802623B638007E8158 /* WorksheetCollectionViewCell.swift */; };
		8E82112B2624D8550092F6B5 /* SwiftExtensions.swift in Sources */ = {isa = PBXBuildFile; fileRef = 8E82112A2624D8550092F6B5 /* SwiftExtensions.swift */; };
		8EC24ADE25FE7FFA00DEF151 /* ServiceAPI.swift in Sources */ = {isa = PBXBuildFile; fileRef = 8EC24ADD25FE7FFA00DEF151 /* ServiceAPI.swift */; };
		8EC24AE225FE922300DEF151 /* Customer.swift in Sources */ = {isa = PBXBuildFile; fileRef = 8EC24AE125FE922300DEF151 /* Customer.swift */; };
		8EC24AE625FE9BC800DEF151 /* Colors.xcassets in Resources */ = {isa = PBXBuildFile; fileRef = 8EC24AE525FE9BC800DEF151 /* Colors.xcassets */; };
		8EC24AEA25FF50EF00DEF151 /* Product.swift in Sources */ = {isa = PBXBuildFile; fileRef = 8EC24AE925FF50EF00DEF151 /* Product.swift */; };
		8ECE661F260898FB007CECF7 /* ServiceAppUITests.swift in Sources */ = {isa = PBXBuildFile; fileRef = 8ECE661E260898FB007CECF7 /* ServiceAppUITests.swift */; };
		8ECE664526089EE3007CECF7 /* ServiceAppTests.swift in Sources */ = {isa = PBXBuildFile; fileRef = 8ECE664426089EE3007CECF7 /* ServiceAppTests.swift */; };
/* End PBXBuildFile section */

/* Begin PBXContainerItemProxy section */
		8ECE6621260898FB007CECF7 /* PBXContainerItemProxy */ = {
			isa = PBXContainerItemProxy;
			containerPortal = 3A370FF2254215C9003BD01E /* Project object */;
			proxyType = 1;
			remoteGlobalIDString = 3A370FF9254215C9003BD01E;
			remoteInfo = ServiceApp;
		};
		8ECE664726089EE3007CECF7 /* PBXContainerItemProxy */ = {
			isa = PBXContainerItemProxy;
			containerPortal = 3A370FF2254215C9003BD01E /* Project object */;
			proxyType = 1;
			remoteGlobalIDString = 3A370FF9254215C9003BD01E;
			remoteInfo = ServiceApp;
		};
/* End PBXContainerItemProxy section */

/* Begin PBXFileReference section */
		3A0E2C9825589C190021F86E /* CustomerSelectorTableViewController.swift */ = {isa = PBXFileReference; lastKnownFileType = sourcecode.swift; path = CustomerSelectorTableViewController.swift; sourceTree = "<group>"; };
		3A0E2C9B255B4D770021F86E /* MultipleEditCheckTableViewController.swift */ = {isa = PBXFileReference; lastKnownFileType = sourcecode.swift; path = MultipleEditCheckTableViewController.swift; sourceTree = "<group>"; };
		3A0E2C9E255B55B90021F86E /* ProductSelectorTableViewController.swift */ = {isa = PBXFileReference; lastKnownFileType = sourcecode.swift; path = ProductSelectorTableViewController.swift; sourceTree = "<group>"; };
		3A28D20A256EA520000384E3 /* WorksheetCell.xib */ = {isa = PBXFileReference; lastKnownFileType = file.xib; path = WorksheetCell.xib; sourceTree = "<group>"; };
		3A28D221256EC5FD000384E3 /* WorksheetTableViewCell.swift */ = {isa = PBXFileReference; lastKnownFileType = sourcecode.swift; path = WorksheetTableViewCell.swift; sourceTree = "<group>"; };
		3A370FFA254215C9003BD01E /* ServiceApp.app */ = {isa = PBXFileReference; explicitFileType = wrapper.application; includeInIndex = 0; path = ServiceApp.app; sourceTree = BUILT_PRODUCTS_DIR; };
		3A370FFD254215C9003BD01E /* AppDelegate.swift */ = {isa = PBXFileReference; lastKnownFileType = sourcecode.swift; path = AppDelegate.swift; sourceTree = "<group>"; };
		3A370FFF254215C9003BD01E /* SceneDelegate.swift */ = {isa = PBXFileReference; lastKnownFileType = sourcecode.swift; path = SceneDelegate.swift; sourceTree = "<group>"; };
		3A371001254215C9003BD01E /* CustomersViewController.swift */ = {isa = PBXFileReference; lastKnownFileType = sourcecode.swift; path = CustomersViewController.swift; sourceTree = "<group>"; };
		3A371004254215C9003BD01E /* Base */ = {isa = PBXFileReference; lastKnownFileType = file.storyboard; name = Base; path = Base.lproj/Main.storyboard; sourceTree = "<group>"; };
		3A371006254215CA003BD01E /* Assets.xcassets */ = {isa = PBXFileReference; lastKnownFileType = folder.assetcatalog; path = Assets.xcassets; sourceTree = "<group>"; };
		3A371009254215CA003BD01E /* Base */ = {isa = PBXFileReference; lastKnownFileType = file.storyboard; name = Base; path = Base.lproj/LaunchScreen.storyboard; sourceTree = "<group>"; };
		3A37100B254215CA003BD01E /* Info.plist */ = {isa = PBXFileReference; lastKnownFileType = text.plist.xml; path = Info.plist; sourceTree = "<group>"; };
		3A37101125421613003BD01E /* GoogleService-Info.plist */ = {isa = PBXFileReference; fileEncoding = 4; lastKnownFileType = text.plist.xml; path = "GoogleService-Info.plist"; sourceTree = "<group>"; };
		3A37105F2542EE60003BD01E /* CustomerTmp.swift */ = {isa = PBXFileReference; lastKnownFileType = sourcecode.swift; path = CustomerTmp.swift; sourceTree = "<group>"; };
		3A371076254310FB003BD01E /* CustomerTableViewCell.swift */ = {isa = PBXFileReference; lastKnownFileType = sourcecode.swift; path = CustomerTableViewCell.swift; sourceTree = "<group>"; };
		3A371079254311D3003BD01E /* CustomerCell.xib */ = {isa = PBXFileReference; lastKnownFileType = file.xib; path = CustomerCell.xib; sourceTree = "<group>"; };
		3A37107C254355E1003BD01E /* CustomerViewController.swift */ = {isa = PBXFileReference; lastKnownFileType = sourcecode.swift; path = CustomerViewController.swift; sourceTree = "<group>"; };
		3A7A2C1F25A662DA0049AE36 /* WorksheetManager.swift */ = {isa = PBXFileReference; lastKnownFileType = sourcecode.swift; path = WorksheetManager.swift; sourceTree = "<group>"; };
		3A7A2C2625A765960049AE36 /* ProductManager.swift */ = {isa = PBXFileReference; lastKnownFileType = sourcecode.swift; path = ProductManager.swift; sourceTree = "<group>"; };
		3A83D9882571A13100F51F8A /* DocumentScanningViewController.swift */ = {isa = PBXFileReference; fileEncoding = 4; lastKnownFileType = sourcecode.swift; path = DocumentScanningViewController.swift; sourceTree = "<group>"; };
		3A83D9892571A13200F51F8A /* RecognizedTextDataSource.swift */ = {isa = PBXFileReference; fileEncoding = 4; lastKnownFileType = sourcecode.swift; path = RecognizedTextDataSource.swift; sourceTree = "<group>"; };
		3A83D98A2571A13200F51F8A /* BusinessCardContentsViewController.swift */ = {isa = PBXFileReference; fileEncoding = 4; lastKnownFileType = sourcecode.swift; path = BusinessCardContentsViewController.swift; sourceTree = "<group>"; };
		3AA3EA3E25A0998300128371 /* CustomerManager.swift */ = {isa = PBXFileReference; lastKnownFileType = sourcecode.swift; path = CustomerManager.swift; sourceTree = "<group>"; };
		3AA8E3C225509704001B3886 /* EditCheckTableViewController.swift */ = {isa = PBXFileReference; lastKnownFileType = sourcecode.swift; path = EditCheckTableViewController.swift; sourceTree = "<group>"; };
		3AA8E3D52551C2E8001B3886 /* CheckRow.swift */ = {isa = PBXFileReference; lastKnownFileType = sourcecode.swift; path = CheckRow.swift; sourceTree = "<group>"; };
		3AE3668F2544B32100D1C218 /* ProductCollectionViewCell.swift */ = {isa = PBXFileReference; lastKnownFileType = sourcecode.swift; path = ProductCollectionViewCell.swift; sourceTree = "<group>"; };
		3AE366B625461AE300D1C218 /* ProductTmp.swift */ = {isa = PBXFileReference; lastKnownFileType = sourcecode.swift; path = ProductTmp.swift; sourceTree = "<group>"; };
		3AE366C825470FD300D1C218 /* NewCustomerTableViewController.swift */ = {isa = PBXFileReference; lastKnownFileType = sourcecode.swift; path = NewCustomerTableViewController.swift; sourceTree = "<group>"; };
		3AE366CD2548361500D1C218 /* Worksheet.swift */ = {isa = PBXFileReference; lastKnownFileType = sourcecode.swift; path = Worksheet.swift; sourceTree = "<group>"; };
		3AE366D02548611500D1C218 /* NewProductTableViewController.swift */ = {isa = PBXFileReference; lastKnownFileType = sourcecode.swift; path = NewProductTableViewController.swift; sourceTree = "<group>"; };
		3AE366DA254B675200D1C218 /* ModifyProductTableViewController.swift */ = {isa = PBXFileReference; lastKnownFileType = sourcecode.swift; path = ModifyProductTableViewController.swift; sourceTree = "<group>"; };
		3AE36706254ED24B00D1C218 /* WorksheetsViewController.swift */ = {isa = PBXFileReference; lastKnownFileType = sourcecode.swift; path = WorksheetsViewController.swift; sourceTree = "<group>"; };
		3AE36709254F166D00D1C218 /* EditLongTextTableViewController.swift */ = {isa = PBXFileReference; lastKnownFileType = sourcecode.swift; path = EditLongTextTableViewController.swift; sourceTree = "<group>"; };
		3AE3670C254F1B0B00D1C218 /* NewWorksheetTableViewController.swift */ = {isa = PBXFileReference; lastKnownFileType = sourcecode.swift; path = NewWorksheetTableViewController.swift; sourceTree = "<group>"; };
		67823097FBC857508A1537DA /* Pods_ServiceApp.framework */ = {isa = PBXFileReference; explicitFileType = wrapper.framework; includeInIndex = 0; path = Pods_ServiceApp.framework; sourceTree = BUILT_PRODUCTS_DIR; };
		8E348DE52637671300C083EE /* LoginViewController.swift */ = {isa = PBXFileReference; lastKnownFileType = sourcecode.swift; path = LoginViewController.swift; sourceTree = "<group>"; };
		8E787C802623B638007E8158 /* WorksheetCollectionViewCell.swift */ = {isa = PBXFileReference; lastKnownFileType = sourcecode.swift; path = WorksheetCollectionViewCell.swift; sourceTree = "<group>"; };
		8E82112A2624D8550092F6B5 /* SwiftExtensions.swift */ = {isa = PBXFileReference; lastKnownFileType = sourcecode.swift; path = SwiftExtensions.swift; sourceTree = "<group>"; };
		8EC24ADD25FE7FFA00DEF151 /* ServiceAPI.swift */ = {isa = PBXFileReference; lastKnownFileType = sourcecode.swift; path = ServiceAPI.swift; sourceTree = "<group>"; };
		8EC24AE125FE922300DEF151 /* Customer.swift */ = {isa = PBXFileReference; lastKnownFileType = sourcecode.swift; path = Customer.swift; sourceTree = "<group>"; };
		8EC24AE525FE9BC800DEF151 /* Colors.xcassets */ = {isa = PBXFileReference; lastKnownFileType = folder.assetcatalog; path = Colors.xcassets; sourceTree = "<group>"; };
		8EC24AE925FF50EF00DEF151 /* Product.swift */ = {isa = PBXFileReference; lastKnownFileType = sourcecode.swift; path = Product.swift; sourceTree = "<group>"; };
		8ECE661C260898FB007CECF7 /* ServiceAppUITests.xctest */ = {isa = PBXFileReference; explicitFileType = wrapper.cfbundle; includeInIndex = 0; path = ServiceAppUITests.xctest; sourceTree = BUILT_PRODUCTS_DIR; };
		8ECE661E260898FB007CECF7 /* ServiceAppUITests.swift */ = {isa = PBXFileReference; lastKnownFileType = sourcecode.swift; path = ServiceAppUITests.swift; sourceTree = "<group>"; };
		8ECE6620260898FB007CECF7 /* Info.plist */ = {isa = PBXFileReference; lastKnownFileType = text.plist.xml; path = Info.plist; sourceTree = "<group>"; };
		8ECE664226089EE3007CECF7 /* ServiceAppTests.xctest */ = {isa = PBXFileReference; explicitFileType = wrapper.cfbundle; includeInIndex = 0; path = ServiceAppTests.xctest; sourceTree = BUILT_PRODUCTS_DIR; };
		8ECE664426089EE3007CECF7 /* ServiceAppTests.swift */ = {isa = PBXFileReference; lastKnownFileType = sourcecode.swift; path = ServiceAppTests.swift; sourceTree = "<group>"; };
		8ECE664626089EE3007CECF7 /* Info.plist */ = {isa = PBXFileReference; lastKnownFileType = text.plist.xml; path = Info.plist; sourceTree = "<group>"; };
		C0B1F008EE17B08A90E27E52 /* Pods-ServiceApp.release.xcconfig */ = {isa = PBXFileReference; includeInIndex = 1; lastKnownFileType = text.xcconfig; name = "Pods-ServiceApp.release.xcconfig"; path = "Target Support Files/Pods-ServiceApp/Pods-ServiceApp.release.xcconfig"; sourceTree = "<group>"; };
		F25A90504786501BFD4421E2 /* Pods-ServiceApp.debug.xcconfig */ = {isa = PBXFileReference; includeInIndex = 1; lastKnownFileType = text.xcconfig; name = "Pods-ServiceApp.debug.xcconfig"; path = "Target Support Files/Pods-ServiceApp/Pods-ServiceApp.debug.xcconfig"; sourceTree = "<group>"; };
/* End PBXFileReference section */

/* Begin PBXFrameworksBuildPhase section */
		3A370FF7254215C9003BD01E /* Frameworks */ = {
			isa = PBXFrameworksBuildPhase;
			buildActionMask = 2147483647;
			files = (
				78EC54A45B06E3700FF046E9 /* Pods_ServiceApp.framework in Frameworks */,
			);
			runOnlyForDeploymentPostprocessing = 0;
		};
		8ECE6619260898FB007CECF7 /* Frameworks */ = {
			isa = PBXFrameworksBuildPhase;
			buildActionMask = 2147483647;
			files = (
			);
			runOnlyForDeploymentPostprocessing = 0;
		};
		8ECE663F26089EE3007CECF7 /* Frameworks */ = {
			isa = PBXFrameworksBuildPhase;
			buildActionMask = 2147483647;
			files = (
			);
			runOnlyForDeploymentPostprocessing = 0;
		};
/* End PBXFrameworksBuildPhase section */

/* Begin PBXGroup section */
		3A370FF1254215C9003BD01E = {
			isa = PBXGroup;
			children = (
				3A370FFC254215C9003BD01E /* ServiceApp */,
				8ECE661D260898FB007CECF7 /* ServiceAppUITests */,
				8ECE664326089EE3007CECF7 /* ServiceAppTests */,
				3A370FFB254215C9003BD01E /* Products */,
				56DE218D4CF9E93EEC5AD9A7 /* Pods */,
				56279B03B13974508643DA4F /* Frameworks */,
			);
			sourceTree = "<group>";
		};
		3A370FFB254215C9003BD01E /* Products */ = {
			isa = PBXGroup;
			children = (
				3A370FFA254215C9003BD01E /* ServiceApp.app */,
				8ECE661C260898FB007CECF7 /* ServiceAppUITests.xctest */,
				8ECE664226089EE3007CECF7 /* ServiceAppTests.xctest */,
			);
			name = Products;
			sourceTree = "<group>";
		};
		3A370FFC254215C9003BD01E /* ServiceApp */ = {
			isa = PBXGroup;
			children = (
				8E8211292624D82D0092F6B5 /* Extensions */,
				3A370FFD254215C9003BD01E /* AppDelegate.swift */,
				3A370FFF254215C9003BD01E /* SceneDelegate.swift */,
				3A371020254225E9003BD01E /* Model */,
				3A371021254225EF003BD01E /* View */,
				3A3710222542260D003BD01E /* Controller */,
				3A371006254215CA003BD01E /* Assets.xcassets */,
				3A371008254215CA003BD01E /* LaunchScreen.storyboard */,
				3A37100B254215CA003BD01E /* Info.plist */,
				3A37101125421613003BD01E /* GoogleService-Info.plist */,
				8EC24AE525FE9BC800DEF151 /* Colors.xcassets */,
			);
			path = ServiceApp;
			sourceTree = "<group>";
		};
		3A371020254225E9003BD01E /* Model */ = {
			isa = PBXGroup;
			children = (
				3A37105F2542EE60003BD01E /* CustomerTmp.swift */,
				8EC24AE125FE922300DEF151 /* Customer.swift */,
				3AE366B625461AE300D1C218 /* ProductTmp.swift */,
				3AE366CD2548361500D1C218 /* Worksheet.swift */,
				8EC24AE925FF50EF00DEF151 /* Product.swift */,
				3AA8E3D52551C2E8001B3886 /* CheckRow.swift */,
				3A7A2C2225A662E30049AE36 /* Manager */,
			);
			path = Model;
			sourceTree = "<group>";
		};
		3A371021254225EF003BD01E /* View */ = {
			isa = PBXGroup;
			children = (
				3A7A2C1A25A64EF30049AE36 /* CollectionViewCell */,
				3A7A2C1925A64EE30049AE36 /* TableViewCells */,
				3A371003254215C9003BD01E /* Main.storyboard */,
			);
			path = View;
			sourceTree = "<group>";
		};
		3A3710222542260D003BD01E /* Controller */ = {
			isa = PBXGroup;
			children = (
				3A7A2C1425A64E120049AE36 /* Recogniser */,
				3A7A2C1225A64DE80049AE36 /* Customers */,
				3A7A2C1325A64DF50049AE36 /* Worksheets */,
				3A7A2C1525A64E4D0049AE36 /* Product */,
				3AE36709254F166D00D1C218 /* EditLongTextTableViewController.swift */,
				3AA8E3C225509704001B3886 /* EditCheckTableViewController.swift */,
				3A0E2C9B255B4D770021F86E /* MultipleEditCheckTableViewController.swift */,
				8E348DE52637671300C083EE /* LoginViewController.swift */,
			);
			path = Controller;
			sourceTree = "<group>";
		};
		3A7A2C1225A64DE80049AE36 /* Customers */ = {
			isa = PBXGroup;
			children = (
				3A371001254215C9003BD01E /* CustomersViewController.swift */,
				3A37107C254355E1003BD01E /* CustomerViewController.swift */,
				3AE366C825470FD300D1C218 /* NewCustomerTableViewController.swift */,
			);
			path = Customers;
			sourceTree = "<group>";
		};
		3A7A2C1325A64DF50049AE36 /* Worksheets */ = {
			isa = PBXGroup;
			children = (
				3AE3670C254F1B0B00D1C218 /* NewWorksheetTableViewController.swift */,
				3AE36706254ED24B00D1C218 /* WorksheetsViewController.swift */,
				3A0E2C9825589C190021F86E /* CustomerSelectorTableViewController.swift */,
				3A0E2C9E255B55B90021F86E /* ProductSelectorTableViewController.swift */,
			);
			path = Worksheets;
			sourceTree = "<group>";
		};
		3A7A2C1425A64E120049AE36 /* Recogniser */ = {
			isa = PBXGroup;
			children = (
				3A83D98A2571A13200F51F8A /* BusinessCardContentsViewController.swift */,
				3A83D9882571A13100F51F8A /* DocumentScanningViewController.swift */,
				3A83D9892571A13200F51F8A /* RecognizedTextDataSource.swift */,
			);
			path = Recogniser;
			sourceTree = "<group>";
		};
		3A7A2C1525A64E4D0049AE36 /* Product */ = {
			isa = PBXGroup;
			children = (
				3AE366D02548611500D1C218 /* NewProductTableViewController.swift */,
				3AE366DA254B675200D1C218 /* ModifyProductTableViewController.swift */,
			);
			path = Product;
			sourceTree = "<group>";
		};
		3A7A2C1925A64EE30049AE36 /* TableViewCells */ = {
			isa = PBXGroup;
			children = (
				3A7A2C1D25A64F250049AE36 /* Worksheet */,
				3A7A2C1B25A64F040049AE36 /* Customer */,
			);
			path = TableViewCells;
			sourceTree = "<group>";
		};
		3A7A2C1A25A64EF30049AE36 /* CollectionViewCell */ = {
			isa = PBXGroup;
			children = (
				3AE3668F2544B32100D1C218 /* ProductCollectionViewCell.swift */,
				8E787C802623B638007E8158 /* WorksheetCollectionViewCell.swift */,
			);
			path = CollectionViewCell;
			sourceTree = "<group>";
		};
		3A7A2C1B25A64F040049AE36 /* Customer */ = {
			isa = PBXGroup;
			children = (
				3A371076254310FB003BD01E /* CustomerTableViewCell.swift */,
				3A371079254311D3003BD01E /* CustomerCell.xib */,
			);
			path = Customer;
			sourceTree = "<group>";
		};
		3A7A2C1D25A64F250049AE36 /* Worksheet */ = {
			isa = PBXGroup;
			children = (
				3A28D20A256EA520000384E3 /* WorksheetCell.xib */,
				3A28D221256EC5FD000384E3 /* WorksheetTableViewCell.swift */,
			);
			path = Worksheet;
			sourceTree = "<group>";
		};
		3A7A2C2225A662E30049AE36 /* Manager */ = {
			isa = PBXGroup;
			children = (
				3AA3EA3E25A0998300128371 /* CustomerManager.swift */,
				3A7A2C1F25A662DA0049AE36 /* WorksheetManager.swift */,
				3A7A2C2625A765960049AE36 /* ProductManager.swift */,
				8EC24ADD25FE7FFA00DEF151 /* ServiceAPI.swift */,
			);
			path = Manager;
			sourceTree = "<group>";
		};
		56279B03B13974508643DA4F /* Frameworks */ = {
			isa = PBXGroup;
			children = (
				67823097FBC857508A1537DA /* Pods_ServiceApp.framework */,
			);
			name = Frameworks;
			sourceTree = "<group>";
		};
		56DE218D4CF9E93EEC5AD9A7 /* Pods */ = {
			isa = PBXGroup;
			children = (
				F25A90504786501BFD4421E2 /* Pods-ServiceApp.debug.xcconfig */,
				C0B1F008EE17B08A90E27E52 /* Pods-ServiceApp.release.xcconfig */,
			);
			path = Pods;
			sourceTree = "<group>";
		};
		8E8211292624D82D0092F6B5 /* Extensions */ = {
			isa = PBXGroup;
			children = (
				8E82112A2624D8550092F6B5 /* SwiftExtensions.swift */,
			);
			path = Extensions;
			sourceTree = "<group>";
		};
		8ECE661D260898FB007CECF7 /* ServiceAppUITests */ = {
			isa = PBXGroup;
			children = (
				8ECE661E260898FB007CECF7 /* ServiceAppUITests.swift */,
				8ECE6620260898FB007CECF7 /* Info.plist */,
			);
			path = ServiceAppUITests;
			sourceTree = "<group>";
		};
		8ECE664326089EE3007CECF7 /* ServiceAppTests */ = {
			isa = PBXGroup;
			children = (
				8ECE664426089EE3007CECF7 /* ServiceAppTests.swift */,
				8ECE664626089EE3007CECF7 /* Info.plist */,
			);
			path = ServiceAppTests;
			sourceTree = "<group>";
		};
/* End PBXGroup section */

/* Begin PBXNativeTarget section */
		3A370FF9254215C9003BD01E /* ServiceApp */ = {
			isa = PBXNativeTarget;
			buildConfigurationList = 3A37100E254215CA003BD01E /* Build configuration list for PBXNativeTarget "ServiceApp" */;
			buildPhases = (
				A23AF6FB40C66442020AC9F3 /* [CP] Check Pods Manifest.lock */,
				3A370FF6254215C9003BD01E /* Sources */,
				3A370FF7254215C9003BD01E /* Frameworks */,
				3A370FF8254215C9003BD01E /* Resources */,
				679B49212D1532348D406CAC /* [CP] Embed Pods Frameworks */,
			);
			buildRules = (
			);
			dependencies = (
			);
			name = ServiceApp;
			productName = ServiceApp;
			productReference = 3A370FFA254215C9003BD01E /* ServiceApp.app */;
			productType = "com.apple.product-type.application";
		};
		8ECE661B260898FB007CECF7 /* ServiceAppUITests */ = {
			isa = PBXNativeTarget;
			buildConfigurationList = 8ECE6625260898FB007CECF7 /* Build configuration list for PBXNativeTarget "ServiceAppUITests" */;
			buildPhases = (
				8ECE6618260898FB007CECF7 /* Sources */,
				8ECE6619260898FB007CECF7 /* Frameworks */,
				8ECE661A260898FB007CECF7 /* Resources */,
			);
			buildRules = (
			);
			dependencies = (
				8ECE6622260898FB007CECF7 /* PBXTargetDependency */,
			);
			name = ServiceAppUITests;
			productName = ServiceAppUITests;
			productReference = 8ECE661C260898FB007CECF7 /* ServiceAppUITests.xctest */;
			productType = "com.apple.product-type.bundle.ui-testing";
		};
		8ECE664126089EE3007CECF7 /* ServiceAppTests */ = {
			isa = PBXNativeTarget;
			buildConfigurationList = 8ECE664926089EE3007CECF7 /* Build configuration list for PBXNativeTarget "ServiceAppTests" */;
			buildPhases = (
				8ECE663E26089EE3007CECF7 /* Sources */,
				8ECE663F26089EE3007CECF7 /* Frameworks */,
				8ECE664026089EE3007CECF7 /* Resources */,
			);
			buildRules = (
			);
			dependencies = (
				8ECE664826089EE3007CECF7 /* PBXTargetDependency */,
			);
			name = ServiceAppTests;
			productName = ServiceAppTests;
			productReference = 8ECE664226089EE3007CECF7 /* ServiceAppTests.xctest */;
			productType = "com.apple.product-type.bundle.unit-test";
		};
/* End PBXNativeTarget section */

/* Begin PBXProject section */
		3A370FF2254215C9003BD01E /* Project object */ = {
			isa = PBXProject;
			attributes = {
				LastSwiftUpdateCheck = 1240;
				LastUpgradeCheck = 1210;
				TargetAttributes = {
					3A370FF9254215C9003BD01E = {
						CreatedOnToolsVersion = 12.1;
					};
					8ECE661B260898FB007CECF7 = {
						CreatedOnToolsVersion = 12.4;
						TestTargetID = 3A370FF9254215C9003BD01E;
					};
					8ECE664126089EE3007CECF7 = {
						CreatedOnToolsVersion = 12.4;
						TestTargetID = 3A370FF9254215C9003BD01E;
					};
				};
			};
			buildConfigurationList = 3A370FF5254215C9003BD01E /* Build configuration list for PBXProject "ServiceApp" */;
			compatibilityVersion = "Xcode 9.3";
			developmentRegion = en;
			hasScannedForEncodings = 0;
			knownRegions = (
				en,
				Base,
			);
			mainGroup = 3A370FF1254215C9003BD01E;
			productRefGroup = 3A370FFB254215C9003BD01E /* Products */;
			projectDirPath = "";
			projectRoot = "";
			targets = (
				3A370FF9254215C9003BD01E /* ServiceApp */,
				8ECE661B260898FB007CECF7 /* ServiceAppUITests */,
				8ECE664126089EE3007CECF7 /* ServiceAppTests */,
			);
		};
/* End PBXProject section */

/* Begin PBXResourcesBuildPhase section */
		3A370FF8254215C9003BD01E /* Resources */ = {
			isa = PBXResourcesBuildPhase;
			buildActionMask = 2147483647;
			files = (
				3A28D20B256EA520000384E3 /* WorksheetCell.xib in Resources */,
				3A37100A254215CA003BD01E /* LaunchScreen.storyboard in Resources */,
				3A37101225421613003BD01E /* GoogleService-Info.plist in Resources */,
				3A371007254215CA003BD01E /* Assets.xcassets in Resources */,
				3A37107A254311D3003BD01E /* CustomerCell.xib in Resources */,
				3A371005254215C9003BD01E /* Main.storyboard in Resources */,
				8EC24AE625FE9BC800DEF151 /* Colors.xcassets in Resources */,
			);
			runOnlyForDeploymentPostprocessing = 0;
		};
		8ECE661A260898FB007CECF7 /* Resources */ = {
			isa = PBXResourcesBuildPhase;
			buildActionMask = 2147483647;
			files = (
			);
			runOnlyForDeploymentPostprocessing = 0;
		};
		8ECE664026089EE3007CECF7 /* Resources */ = {
			isa = PBXResourcesBuildPhase;
			buildActionMask = 2147483647;
			files = (
			);
			runOnlyForDeploymentPostprocessing = 0;
		};
/* End PBXResourcesBuildPhase section */

/* Begin PBXShellScriptBuildPhase section */
		679B49212D1532348D406CAC /* [CP] Embed Pods Frameworks */ = {
			isa = PBXShellScriptBuildPhase;
			buildActionMask = 2147483647;
			files = (
			);
			inputFileListPaths = (
				"${PODS_ROOT}/Target Support Files/Pods-ServiceApp/Pods-ServiceApp-frameworks-${CONFIGURATION}-input-files.xcfilelist",
			);
			name = "[CP] Embed Pods Frameworks";
			outputFileListPaths = (
				"${PODS_ROOT}/Target Support Files/Pods-ServiceApp/Pods-ServiceApp-frameworks-${CONFIGURATION}-output-files.xcfilelist",
			);
			runOnlyForDeploymentPostprocessing = 0;
			shellPath = /bin/sh;
			shellScript = "\"${PODS_ROOT}/Target Support Files/Pods-ServiceApp/Pods-ServiceApp-frameworks.sh\"\n";
			showEnvVarsInLog = 0;
		};
		A23AF6FB40C66442020AC9F3 /* [CP] Check Pods Manifest.lock */ = {
			isa = PBXShellScriptBuildPhase;
			buildActionMask = 2147483647;
			files = (
			);
			inputFileListPaths = (
			);
			inputPaths = (
				"${PODS_PODFILE_DIR_PATH}/Podfile.lock",
				"${PODS_ROOT}/Manifest.lock",
			);
			name = "[CP] Check Pods Manifest.lock";
			outputFileListPaths = (
			);
			outputPaths = (
				"$(DERIVED_FILE_DIR)/Pods-ServiceApp-checkManifestLockResult.txt",
			);
			runOnlyForDeploymentPostprocessing = 0;
			shellPath = /bin/sh;
			shellScript = "diff \"${PODS_PODFILE_DIR_PATH}/Podfile.lock\" \"${PODS_ROOT}/Manifest.lock\" > /dev/null\nif [ $? != 0 ] ; then\n    # print error to STDERR\n    echo \"error: The sandbox is not in sync with the Podfile.lock. Run 'pod install' or update your CocoaPods installation.\" >&2\n    exit 1\nfi\n# This output is used by Xcode 'outputs' to avoid re-running this script phase.\necho \"SUCCESS\" > \"${SCRIPT_OUTPUT_FILE_0}\"\n";
			showEnvVarsInLog = 0;
		};
/* End PBXShellScriptBuildPhase section */

/* Begin PBXSourcesBuildPhase section */
		3A370FF6254215C9003BD01E /* Sources */ = {
			isa = PBXSourcesBuildPhase;
			buildActionMask = 2147483647;
			files = (
				3AE366D12548611500D1C218 /* NewProductTableViewController.swift in Sources */,
				3A37107D254355E1003BD01E /* CustomerViewController.swift in Sources */,
				3AE366B725461AE400D1C218 /* ProductTmp.swift in Sources */,
				3A83D98D2571A13200F51F8A /* BusinessCardContentsViewController.swift in Sources */,
				3AE366DB254B675300D1C218 /* ModifyProductTableViewController.swift in Sources */,
				8EC24AE225FE922300DEF151 /* Customer.swift in Sources */,
				3A0E2C9925589C190021F86E /* CustomerSelectorTableViewController.swift in Sources */,
				3A371077254310FB003BD01E /* CustomerTableViewCell.swift in Sources */,
				3AE366912544B32100D1C218 /* ProductCollectionViewCell.swift in Sources */,
				3A0E2C9C255B4D770021F86E /* MultipleEditCheckTableViewController.swift in Sources */,
				3AA8E3C325509704001B3886 /* EditCheckTableViewController.swift in Sources */,
				3AE36707254ED24D00D1C218 /* WorksheetsViewController.swift in Sources */,
				3AE3670A254F166E00D1C218 /* EditLongTextTableViewController.swift in Sources */,
				8E82112B2624D8550092F6B5 /* SwiftExtensions.swift in Sources */,
				3AA3EA3F25A0998300128371 /* CustomerManager.swift in Sources */,
				3AE366CE2548361500D1C218 /* Worksheet.swift in Sources */,
				8EC24ADE25FE7FFA00DEF151 /* ServiceAPI.swift in Sources */,
				3A0E2C9F255B55B90021F86E /* ProductSelectorTableViewController.swift in Sources */,
				8EC24AEA25FF50EF00DEF151 /* Product.swift in Sources */,
				3A371002254215C9003BD01E /* CustomersViewController.swift in Sources */,
				3AE366C925470FD300D1C218 /* NewCustomerTableViewController.swift in Sources */,
				8E348DE62637671300C083EE /* LoginViewController.swift in Sources */,
				3A28D222256EC5FD000384E3 /* WorksheetTableViewCell.swift in Sources */,
				3A370FFE254215C9003BD01E /* AppDelegate.swift in Sources */,
				3A7A2C2025A662DA0049AE36 /* WorksheetManager.swift in Sources */,
				3AE3670D254F1B0B00D1C218 /* NewWorksheetTableViewController.swift in Sources */,
				3A83D98C2571A13200F51F8A /* RecognizedTextDataSource.swift in Sources */,
				3A7A2C2725A765960049AE36 /* ProductManager.swift in Sources */,
				3A371000254215C9003BD01E /* SceneDelegate.swift in Sources */,
				3A83D98B2571A13200F51F8A /* DocumentScanningViewController.swift in Sources */,
				3AA8E3D62551C2E8001B3886 /* CheckRow.swift in Sources */,
				3A3710602542EE60003BD01E /* CustomerTmp.swift in Sources */,
				8E787C812623B63A007E8158 /* WorksheetCollectionViewCell.swift in Sources */,
			);
			runOnlyForDeploymentPostprocessing = 0;
		};
		8ECE6618260898FB007CECF7 /* Sources */ = {
			isa = PBXSourcesBuildPhase;
			buildActionMask = 2147483647;
			files = (
				8ECE661F260898FB007CECF7 /* ServiceAppUITests.swift in Sources */,
			);
			runOnlyForDeploymentPostprocessing = 0;
		};
		8ECE663E26089EE3007CECF7 /* Sources */ = {
			isa = PBXSourcesBuildPhase;
			buildActionMask = 2147483647;
			files = (
				8ECE664526089EE3007CECF7 /* ServiceAppTests.swift in Sources */,
			);
			runOnlyForDeploymentPostprocessing = 0;
		};
/* End PBXSourcesBuildPhase section */

/* Begin PBXTargetDependency section */
		8ECE6622260898FB007CECF7 /* PBXTargetDependency */ = {
			isa = PBXTargetDependency;
			target = 3A370FF9254215C9003BD01E /* ServiceApp */;
			targetProxy = 8ECE6621260898FB007CECF7 /* PBXContainerItemProxy */;
		};
		8ECE664826089EE3007CECF7 /* PBXTargetDependency */ = {
			isa = PBXTargetDependency;
			target = 3A370FF9254215C9003BD01E /* ServiceApp */;
			targetProxy = 8ECE664726089EE3007CECF7 /* PBXContainerItemProxy */;
		};
/* End PBXTargetDependency section */

/* Begin PBXVariantGroup section */
		3A371003254215C9003BD01E /* Main.storyboard */ = {
			isa = PBXVariantGroup;
			children = (
				3A371004254215C9003BD01E /* Base */,
			);
			name = Main.storyboard;
			sourceTree = "<group>";
		};
		3A371008254215CA003BD01E /* LaunchScreen.storyboard */ = {
			isa = PBXVariantGroup;
			children = (
				3A371009254215CA003BD01E /* Base */,
			);
			name = LaunchScreen.storyboard;
			sourceTree = "<group>";
		};
/* End PBXVariantGroup section */

/* Begin XCBuildConfiguration section */
		3A37100C254215CA003BD01E /* Debug */ = {
			isa = XCBuildConfiguration;
			buildSettings = {
				ALWAYS_SEARCH_USER_PATHS = NO;
				CLANG_ANALYZER_NONNULL = YES;
				CLANG_ANALYZER_NUMBER_OBJECT_CONVERSION = YES_AGGRESSIVE;
				CLANG_CXX_LANGUAGE_STANDARD = "gnu++14";
				CLANG_CXX_LIBRARY = "libc++";
				CLANG_ENABLE_MODULES = YES;
				CLANG_ENABLE_OBJC_ARC = YES;
				CLANG_ENABLE_OBJC_WEAK = YES;
				CLANG_WARN_BLOCK_CAPTURE_AUTORELEASING = YES;
				CLANG_WARN_BOOL_CONVERSION = YES;
				CLANG_WARN_COMMA = YES;
				CLANG_WARN_CONSTANT_CONVERSION = YES;
				CLANG_WARN_DEPRECATED_OBJC_IMPLEMENTATIONS = YES;
				CLANG_WARN_DIRECT_OBJC_ISA_USAGE = YES_ERROR;
				CLANG_WARN_DOCUMENTATION_COMMENTS = YES;
				CLANG_WARN_EMPTY_BODY = YES;
				CLANG_WARN_ENUM_CONVERSION = YES;
				CLANG_WARN_INFINITE_RECURSION = YES;
				CLANG_WARN_INT_CONVERSION = YES;
				CLANG_WARN_NON_LITERAL_NULL_CONVERSION = YES;
				CLANG_WARN_OBJC_IMPLICIT_RETAIN_SELF = YES;
				CLANG_WARN_OBJC_LITERAL_CONVERSION = YES;
				CLANG_WARN_OBJC_ROOT_CLASS = YES_ERROR;
				CLANG_WARN_QUOTED_INCLUDE_IN_FRAMEWORK_HEADER = YES;
				CLANG_WARN_RANGE_LOOP_ANALYSIS = YES;
				CLANG_WARN_STRICT_PROTOTYPES = YES;
				CLANG_WARN_SUSPICIOUS_MOVE = YES;
				CLANG_WARN_UNGUARDED_AVAILABILITY = YES_AGGRESSIVE;
				CLANG_WARN_UNREACHABLE_CODE = YES;
				CLANG_WARN__DUPLICATE_METHOD_MATCH = YES;
				COPY_PHASE_STRIP = NO;
				DEBUG_INFORMATION_FORMAT = dwarf;
				ENABLE_STRICT_OBJC_MSGSEND = YES;
				ENABLE_TESTABILITY = YES;
				GCC_C_LANGUAGE_STANDARD = gnu11;
				GCC_DYNAMIC_NO_PIC = NO;
				GCC_NO_COMMON_BLOCKS = YES;
				GCC_OPTIMIZATION_LEVEL = 0;
				GCC_PREPROCESSOR_DEFINITIONS = (
					"DEBUG=1",
					"$(inherited)",
				);
				GCC_WARN_64_TO_32_BIT_CONVERSION = YES;
				GCC_WARN_ABOUT_RETURN_TYPE = YES_ERROR;
				GCC_WARN_UNDECLARED_SELECTOR = YES;
				GCC_WARN_UNINITIALIZED_AUTOS = YES_AGGRESSIVE;
				GCC_WARN_UNUSED_FUNCTION = YES;
				GCC_WARN_UNUSED_VARIABLE = YES;
				IPHONEOS_DEPLOYMENT_TARGET = 14.0;
				MTL_ENABLE_DEBUG_INFO = INCLUDE_SOURCE;
				MTL_FAST_MATH = YES;
				ONLY_ACTIVE_ARCH = YES;
				SDKROOT = iphoneos;
				SWIFT_ACTIVE_COMPILATION_CONDITIONS = DEBUG;
				SWIFT_OPTIMIZATION_LEVEL = "-Onone";
			};
			name = Debug;
		};
		3A37100D254215CA003BD01E /* Release */ = {
			isa = XCBuildConfiguration;
			buildSettings = {
				ALWAYS_SEARCH_USER_PATHS = NO;
				CLANG_ANALYZER_NONNULL = YES;
				CLANG_ANALYZER_NUMBER_OBJECT_CONVERSION = YES_AGGRESSIVE;
				CLANG_CXX_LANGUAGE_STANDARD = "gnu++14";
				CLANG_CXX_LIBRARY = "libc++";
				CLANG_ENABLE_MODULES = YES;
				CLANG_ENABLE_OBJC_ARC = YES;
				CLANG_ENABLE_OBJC_WEAK = YES;
				CLANG_WARN_BLOCK_CAPTURE_AUTORELEASING = YES;
				CLANG_WARN_BOOL_CONVERSION = YES;
				CLANG_WARN_COMMA = YES;
				CLANG_WARN_CONSTANT_CONVERSION = YES;
				CLANG_WARN_DEPRECATED_OBJC_IMPLEMENTATIONS = YES;
				CLANG_WARN_DIRECT_OBJC_ISA_USAGE = YES_ERROR;
				CLANG_WARN_DOCUMENTATION_COMMENTS = YES;
				CLANG_WARN_EMPTY_BODY = YES;
				CLANG_WARN_ENUM_CONVERSION = YES;
				CLANG_WARN_INFINITE_RECURSION = YES;
				CLANG_WARN_INT_CONVERSION = YES;
				CLANG_WARN_NON_LITERAL_NULL_CONVERSION = YES;
				CLANG_WARN_OBJC_IMPLICIT_RETAIN_SELF = YES;
				CLANG_WARN_OBJC_LITERAL_CONVERSION = YES;
				CLANG_WARN_OBJC_ROOT_CLASS = YES_ERROR;
				CLANG_WARN_QUOTED_INCLUDE_IN_FRAMEWORK_HEADER = YES;
				CLANG_WARN_RANGE_LOOP_ANALYSIS = YES;
				CLANG_WARN_STRICT_PROTOTYPES = YES;
				CLANG_WARN_SUSPICIOUS_MOVE = YES;
				CLANG_WARN_UNGUARDED_AVAILABILITY = YES_AGGRESSIVE;
				CLANG_WARN_UNREACHABLE_CODE = YES;
				CLANG_WARN__DUPLICATE_METHOD_MATCH = YES;
				COPY_PHASE_STRIP = NO;
				DEBUG_INFORMATION_FORMAT = "dwarf-with-dsym";
				ENABLE_NS_ASSERTIONS = NO;
				ENABLE_STRICT_OBJC_MSGSEND = YES;
				GCC_C_LANGUAGE_STANDARD = gnu11;
				GCC_NO_COMMON_BLOCKS = YES;
				GCC_WARN_64_TO_32_BIT_CONVERSION = YES;
				GCC_WARN_ABOUT_RETURN_TYPE = YES_ERROR;
				GCC_WARN_UNDECLARED_SELECTOR = YES;
				GCC_WARN_UNINITIALIZED_AUTOS = YES_AGGRESSIVE;
				GCC_WARN_UNUSED_FUNCTION = YES;
				GCC_WARN_UNUSED_VARIABLE = YES;
				IPHONEOS_DEPLOYMENT_TARGET = 14.0;
				MTL_ENABLE_DEBUG_INFO = NO;
				MTL_FAST_MATH = YES;
				SDKROOT = iphoneos;
				SWIFT_COMPILATION_MODE = wholemodule;
				SWIFT_OPTIMIZATION_LEVEL = "-O";
				VALIDATE_PRODUCT = YES;
			};
			name = Release;
		};
		3A37100F254215CA003BD01E /* Debug */ = {
			isa = XCBuildConfiguration;
			baseConfigurationReference = F25A90504786501BFD4421E2 /* Pods-ServiceApp.debug.xcconfig */;
			buildSettings = {
				ASSETCATALOG_COMPILER_APPICON_NAME = AppIcon;
				ASSETCATALOG_COMPILER_GLOBAL_ACCENT_COLOR_NAME = AccentColor;
				CODE_SIGN_STYLE = Automatic;
				DEVELOPMENT_TEAM = 6SP8DWFZH2;
				INFOPLIST_FILE = ServiceApp/Info.plist;
				LD_RUNPATH_SEARCH_PATHS = (
					"$(inherited)",
					"@executable_path/Frameworks",
				);
				PRODUCT_BUNDLE_IDENTIFIER = com.viktorban.ServiceApp;
				PRODUCT_NAME = "$(TARGET_NAME)";
				SWIFT_VERSION = 5.0;
				TARGETED_DEVICE_FAMILY = "1,2";
			};
			name = Debug;
		};
		3A371010254215CA003BD01E /* Release */ = {
			isa = XCBuildConfiguration;
			baseConfigurationReference = C0B1F008EE17B08A90E27E52 /* Pods-ServiceApp.release.xcconfig */;
			buildSettings = {
				ASSETCATALOG_COMPILER_APPICON_NAME = AppIcon;
				ASSETCATALOG_COMPILER_GLOBAL_ACCENT_COLOR_NAME = AccentColor;
				CODE_SIGN_STYLE = Automatic;
				DEVELOPMENT_TEAM = 6SP8DWFZH2;
				INFOPLIST_FILE = ServiceApp/Info.plist;
				LD_RUNPATH_SEARCH_PATHS = (
					"$(inherited)",
					"@executable_path/Frameworks",
				);
				PRODUCT_BUNDLE_IDENTIFIER = com.viktorban.ServiceApp;
				PRODUCT_NAME = "$(TARGET_NAME)";
				SWIFT_VERSION = 5.0;
				TARGETED_DEVICE_FAMILY = "1,2";
			};
			name = Release;
		};
		8ECE6623260898FB007CECF7 /* Debug */ = {
			isa = XCBuildConfiguration;
			buildSettings = {
				CODE_SIGN_STYLE = Automatic;
				DEVELOPMENT_TEAM = 6SP8DWFZH2;
				INFOPLIST_FILE = ServiceAppUITests/Info.plist;
				IPHONEOS_DEPLOYMENT_TARGET = 14.4;
				LD_RUNPATH_SEARCH_PATHS = (
					"$(inherited)",
					"@executable_path/Frameworks",
					"@loader_path/Frameworks",
				);
				PRODUCT_BUNDLE_IDENTIFIER = viktorban.ServiceAppUITests;
				PRODUCT_NAME = "$(TARGET_NAME)";
				SWIFT_VERSION = 5.0;
				TARGETED_DEVICE_FAMILY = "1,2";
				TEST_TARGET_NAME = ServiceApp;
			};
			name = Debug;
		};
		8ECE6624260898FB007CECF7 /* Release */ = {
			isa = XCBuildConfiguration;
			buildSettings = {
				CODE_SIGN_STYLE = Automatic;
				DEVELOPMENT_TEAM = 6SP8DWFZH2;
				INFOPLIST_FILE = ServiceAppUITests/Info.plist;
				IPHONEOS_DEPLOYMENT_TARGET = 14.4;
				LD_RUNPATH_SEARCH_PATHS = (
					"$(inherited)",
					"@executable_path/Frameworks",
					"@loader_path/Frameworks",
				);
				PRODUCT_BUNDLE_IDENTIFIER = viktorban.ServiceAppUITests;
				PRODUCT_NAME = "$(TARGET_NAME)";
				SWIFT_VERSION = 5.0;
				TARGETED_DEVICE_FAMILY = "1,2";
				TEST_TARGET_NAME = ServiceApp;
			};
			name = Release;
		};
		8ECE664A26089EE3007CECF7 /* Debug */ = {
			isa = XCBuildConfiguration;
			buildSettings = {
				BUNDLE_LOADER = "$(TEST_HOST)";
				CODE_SIGN_STYLE = Automatic;
				DEVELOPMENT_TEAM = 6SP8DWFZH2;
				INFOPLIST_FILE = ServiceAppTests/Info.plist;
				IPHONEOS_DEPLOYMENT_TARGET = 14.4;
				LD_RUNPATH_SEARCH_PATHS = (
					"$(inherited)",
					"@executable_path/Frameworks",
					"@loader_path/Frameworks",
				);
				PRODUCT_BUNDLE_IDENTIFIER = viktorban.ServiceAppTests;
				PRODUCT_NAME = "$(TARGET_NAME)";
				SWIFT_VERSION = 5.0;
				TARGETED_DEVICE_FAMILY = "1,2";
				TEST_HOST = "$(BUILT_PRODUCTS_DIR)/ServiceApp.app/ServiceApp";
			};
			name = Debug;
		};
		8ECE664B26089EE3007CECF7 /* Release */ = {
			isa = XCBuildConfiguration;
			buildSettings = {
				BUNDLE_LOADER = "$(TEST_HOST)";
				CODE_SIGN_STYLE = Automatic;
				DEVELOPMENT_TEAM = 6SP8DWFZH2;
				INFOPLIST_FILE = ServiceAppTests/Info.plist;
				IPHONEOS_DEPLOYMENT_TARGET = 14.4;
				LD_RUNPATH_SEARCH_PATHS = (
					"$(inherited)",
					"@executable_path/Frameworks",
					"@loader_path/Frameworks",
				);
				PRODUCT_BUNDLE_IDENTIFIER = viktorban.ServiceAppTests;
				PRODUCT_NAME = "$(TARGET_NAME)";
				SWIFT_VERSION = 5.0;
				TARGETED_DEVICE_FAMILY = "1,2";
				TEST_HOST = "$(BUILT_PRODUCTS_DIR)/ServiceApp.app/ServiceApp";
			};
			name = Release;
		};
/* End XCBuildConfiguration section */

/* Begin XCConfigurationList section */
		3A370FF5254215C9003BD01E /* Build configuration list for PBXProject "ServiceApp" */ = {
			isa = XCConfigurationList;
			buildConfigurations = (
				3A37100C254215CA003BD01E /* Debug */,
				3A37100D254215CA003BD01E /* Release */,
			);
			defaultConfigurationIsVisible = 0;
			defaultConfigurationName = Release;
		};
		3A37100E254215CA003BD01E /* Build configuration list for PBXNativeTarget "ServiceApp" */ = {
			isa = XCConfigurationList;
			buildConfigurations = (
				3A37100F254215CA003BD01E /* Debug */,
				3A371010254215CA003BD01E /* Release */,
			);
			defaultConfigurationIsVisible = 0;
			defaultConfigurationName = Release;
		};
		8ECE6625260898FB007CECF7 /* Build configuration list for PBXNativeTarget "ServiceAppUITests" */ = {
			isa = XCConfigurationList;
			buildConfigurations = (
				8ECE6623260898FB007CECF7 /* Debug */,
				8ECE6624260898FB007CECF7 /* Release */,
			);
			defaultConfigurationIsVisible = 0;
			defaultConfigurationName = Release;
		};
		8ECE664926089EE3007CECF7 /* Build configuration list for PBXNativeTarget "ServiceAppTests" */ = {
			isa = XCConfigurationList;
			buildConfigurations = (
				8ECE664A26089EE3007CECF7 /* Debug */,
				8ECE664B26089EE3007CECF7 /* Release */,
			);
			defaultConfigurationIsVisible = 0;
			defaultConfigurationName = Release;
		};
/* End XCConfigurationList section */
	};
	rootObject = 3A370FF2254215C9003BD01E /* Project object */;
}
